Microsoft Visual Studio Solution File, Format Version 12.00
# Visual Studio 2012
Project("{FAE04EC0-301F-11D3-BF4B-00C04F79EFBC}") = "Rotation Demo", "Rotation Demo.csproj", "{88A29C00-BCBB-4F41-8C6B-1A25371A4DCE}"
EndProject
Global
	GlobalSection(SolutionConfigurationPlatforms) = preSolution
	Debug|Any CPU = Debug|Any CPU
	ExportDebug|Any CPU = ExportDebug|Any CPU
	ExportRelease|Any CPU = ExportRelease|Any CPU
	EndGlobalSection
	GlobalSection(ProjectConfigurationPlatforms) = postSolution
		{88A29C00-BCBB-4F41-8C6B-1A25371A4DCE}.Debug|Any CPU.ActiveCfg = Debug|Any CPU
		{88A29C00-BCBB-4F41-8C6B-1A25371A4DCE}.Debug|Any CPU.Build.0 = Debug|Any CPU
		{88A29C00-BCBB-4F41-8C6B-1A25371A4DCE}.ExportDebug|Any CPU.ActiveCfg = ExportDebug|Any CPU
		{88A29C00-BCBB-4F41-8C6B-1A25371A4DCE}.ExportDebug|Any CPU.Build.0 = ExportDebug|Any CPU
		{88A29C00-BCBB-4F41-8C6B-1A25371A4DCE}.ExportRelease|Any CPU.ActiveCfg = ExportRelease|Any CPU
		{88A29C00-BCBB-4F41-8C6B-1A25371A4DCE}.ExportRelease|Any CPU.Build.0 = ExportRelease|Any CPU
	EndGlobalSection
EndGlobal
